
Microsoft Visual Studio Solution File, Format Version 12.00
# Visual Studio Version 17
VisualStudioVersion = 17.4.33403.182
MinimumVisualStudioVersion = 10.0.40219.1
Project("{FAE04EC0-301F-11D3-BF4B-00C04F79EFBC}") = "CSharpConsoleShape", "CSharpConsoleShape.csproj", "{9A6FF067-12AB-4D46-80ED-13E298FD38D1}"
EndProject
Global
	GlobalSection(SolutionConfigurationPlatforms) = preSolution
		Debug|Any CPU = Debug|Any CPU
		Release|Any CPU = Release|Any CPU
	EndGlobalSection
	GlobalSection(ProjectConfigurationPlatforms) = postSolution
		{9A6FF067-12AB-4D46-80ED-13E298FD38D1}.Debug|Any CPU.ActiveCfg = Debug|Any CPU
		{9A6FF067-12AB-4D46-80ED-13E298FD38D1}.Debug|Any CPU.Build.0 = Debug|Any CPU
		{9A6FF067-12AB-4D46-80ED-13E298FD38D1}.Release|Any CPU.ActiveCfg = Release|Any CPU
		{9A6FF067-12AB-4D46-80ED-13E298FD38D1}.Release|Any CPU.Build.0 = Release|Any CPU
	EndGlobalSection
	GlobalSection(SolutionProperties) = preSolution
		HideSolutionNode = FALSE
	EndGlobalSection
	GlobalSection(ExtensibilityGlobals) = postSolution
		SolutionGuid = {70233AF5-67FF-4483-A49B-2F23293B81D1}
	EndGlobalSection
EndGlobal
